<?xml version="1.0" encoding="utf-8"?>
<Project ToolsVersion="4.0" xmlns="http://schemas.microsoft.com/developer/msbuild/2003">
  <ItemGroup>
    <Filter Include="Source Files">
      <UniqueIdentifier>{4FC737F1-C7A5-4376-A066-2A32D752A2FF}</UniqueIdentifier>
      <Extensions>cpp;c;cc;cxx;def;odl;idl;hpj;bat;asm;asmx</Extensions>
    </Filter>
    <Filter Include="Header Files">
      <UniqueIdentifier>{93995380-89BD-4b04-88EB-625FBE52EBFB}</UniqueIdentifier>
      <Extensions>h;hpp;hxx;hm;inl;inc;xsd</Extensions>
    </Filter>
    <Filter Include="Resource Files">
      <UniqueIdentifier>{67DA6AB6-F800-4c08-8B7A-83BB121AAD01}</UniqueIdentifier>
      <Extensions>rc;ico;cur;bmp;dlg;rc2;rct;bin;rgs;gif;jpg;jpeg;jpe;resx;tiff;tif;png;wav;mfcribbon-ms</Extensions>
    </Filter>
    <Filter Include="pcre">
      <UniqueIdentifier>{e007a8f1-6890-4f43-b606-927da9a95e2e}</UniqueIdentifier>
    </Filter>
  </ItemGroup>
  <ItemGroup>
    <None Include="SOURCES" />
  </ItemGroup>
  <ItemGroup>
    <ClInclude Include="config.h">
      <Filter>pcre</Filter>
    </ClInclude>
    <ClInclude Include="pcre.h">
      <Filter>pcre</Filter>
    </ClInclude>
    <ClInclude Include="pcre_internal.h">
      <Filter>pcre</Filter>
    </ClInclude>
    <ClInclude Include="ucp.h">
      <Filter>pcre</Filter>
    </ClInclude>
    <ClInclude Include="krn_pcre_internal.h">
      <Filter>Header Files</Filter>
    </ClInclude>
    <ClInclude Include="krn_pcre.h">
      <Filter>Header Files</Filter>
    </ClInclude>
    <ClInclude Include="krn_ctype.h">
      <Filter>Header Files</Filter>
    </ClInclude>
  </ItemGroup>
  <ItemGroup>
    <ClCompile Include="pcre16_byte_order.c">
      <Filter>pcre</Filter>
    </ClCompile>
    <ClCompile Include="pcre16_chartables.c">
      <Filter>pcre</Filter>
    </ClCompile>
    <ClCompile Include="pcre16_compile.c">
      <Filter>pcre</Filter>
    </ClCompile>
    <ClCompile Include="pcre16_config.c">
      <Filter>pcre</Filter>
    </ClCompile>
    <ClCompile Include="pcre16_dfa_exec.c">
      <Filter>pcre</Filter>
    </ClCompile>
    <ClCompile Include="pcre16_exec.c">
      <Filter>pcre</Filter>
    </ClCompile>
    <ClCompile Include="pcre16_fullinfo.c">
      <Filter>pcre</Filter>
    </ClCompile>
    <ClCompile Include="pcre16_get.c">
      <Filter>pcre</Filter>
    </ClCompile>
    <ClCompile Include="pcre16_globals.c">
      <Filter>pcre</Filter>
    </ClCompile>
    <ClCompile Include="pcre16_jit_compile.c">
      <Filter>pcre</Filter>
    </ClCompile>
    <ClCompile Include="pcre16_maketables.c">
      <Filter>pcre</Filter>
    </ClCompile>
    <ClCompile Include="pcre16_newline.c">
      <Filter>pcre</Filter>
    </ClCompile>
    <ClCompile Include="pcre16_ord2utf16.c">
      <Filter>pcre</Filter>
    </ClCompile>
    <ClCompile Include="pcre16_refcount.c">
      <Filter>pcre</Filter>
    </ClCompile>
    <ClCompile Include="pcre16_string_utils.c">
      <Filter>pcre</Filter>
    </ClCompile>
    <ClCompile Include="pcre16_study.c">
      <Filter>pcre</Filter>
    </ClCompile>
    <ClCompile Include="pcre16_tables.c">
      <Filter>pcre</Filter>
    </ClCompile>
    <ClCompile Include="pcre16_ucd.c">
      <Filter>pcre</Filter>
    </ClCompile>
    <ClCompile Include="pcre16_utf16_utils.c">
      <Filter>pcre</Filter>
    </ClCompile>
    <ClCompile Include="pcre16_valid_utf16.c">
      <Filter>pcre</Filter>
    </ClCompile>
    <ClCompile Include="pcre16_version.c">
      <Filter>pcre</Filter>
    </ClCompile>
    <ClCompile Include="pcre16_xclass.c">
      <Filter>pcre</Filter>
    </ClCompile>
    <ClCompile Include="pcre_byte_order.c">
      <Filter>pcre</Filter>
    </ClCompile>
    <ClCompile Include="pcre_chartables.c">
      <Filter>pcre</Filter>
    </ClCompile>
    <ClCompile Include="pcre_compile.c">
      <Filter>pcre</Filter>
    </ClCompile>
    <ClCompile Include="pcre_config.c">
      <Filter>pcre</Filter>
    </ClCompile>
    <ClCompile Include="pcre_dfa_exec.c">
      <Filter>pcre</Filter>
    </ClCompile>
    <ClCompile Include="pcre_exec.c">
      <Filter>pcre</Filter>
    </ClCompile>
    <ClCompile Include="pcre_fullinfo.c">
      <Filter>pcre</Filter>
    </ClCompile>
    <ClCompile Include="pcre_get.c">
      <Filter>pcre</Filter>
    </ClCompile>
    <ClCompile Include="pcre_globals.c">
      <Filter>pcre</Filter>
    </ClCompile>
    <ClCompile Include="pcre_jit_compile.c">
      <Filter>pcre</Filter>
    </ClCompile>
    <ClCompile Include="pcre_maketables.c">
      <Filter>pcre</Filter>
    </ClCompile>
    <ClCompile Include="pcre_newline.c">
      <Filter>pcre</Filter>
    </ClCompile>
    <ClCompile Include="pcre_refcount.c">
      <Filter>pcre</Filter>
    </ClCompile>
    <ClCompile Include="pcre_string_utils.c">
      <Filter>pcre</Filter>
    </ClCompile>
    <ClCompile Include="pcre_study.c">
      <Filter>pcre</Filter>
    </ClCompile>
    <ClCompile Include="pcre_tables.c">
      <Filter>pcre</Filter>
    </ClCompile>
    <ClCompile Include="pcre_ucd.c">
      <Filter>pcre</Filter>
    </ClCompile>
    <ClCompile Include="pcre_version.c">
      <Filter>pcre</Filter>
    </ClCompile>
    <ClCompile Include="pcre_xclass.c">
      <Filter>pcre</Filter>
    </ClCompile>
    <ClCompile Include="pcre_valid_utf8.c">
      <Filter>pcre</Filter>
    </ClCompile>
    <ClCompile Include="pcre_ord2utf8.c">
      <Filter>pcre</Filter>
    </ClCompile>
    <ClCompile Include="krn_pcre.c">
      <Filter>Source Files</Filter>
    </ClCompile>
    <ClCompile Include="krn_ctype.c">
      <Filter>Source Files</Filter>
    </ClCompile>
  </ItemGroup>
</Project>